
Microsoft Visual Studio Solution File, Format Version 12.00
# Visual Studio Version 17
VisualStudioVersion = 17.7.34031.279
MinimumVisualStudioVersion = 10.0.40219.1
Project("{FAE04EC0-301F-11D3-BF4B-00C04F79EFBC}") = "DCI_DO_MODEL_UPDATE_BATCH", "DCI_DO_MODEL_UPDATE_BATCH\DCI_DO_MODEL_UPDATE_BATCH.csproj", "{01539188-DFD4-4622-83BB-C53C452D4CEC}"
EndProject
Global
	GlobalSection(SolutionConfigurationPlatforms) = preSolution
		Debug|Any CPU = Debug|Any CPU
		Release|Any CPU = Release|Any CPU
	EndGlobalSection
	GlobalSection(ProjectConfigurationPlatforms) = postSolution
		{01539188-DFD4-4622-83BB-C53C452D4CEC}.Debug|Any CPU.ActiveCfg = Debug|Any CPU
		{01539188-DFD4-4622-83BB-C53C452D4CEC}.Debug|Any CPU.Build.0 = Debug|Any CPU
		{01539188-DFD4-4622-83BB-C53C452D4CEC}.Release|Any CPU.ActiveCfg = Release|Any CPU
		{01539188-DFD4-4622-83BB-C53C452D4CEC}.Release|Any CPU.Build.0 = Release|Any CPU
	EndGlobalSection
	GlobalSection(SolutionProperties) = preSolution
		HideSolutionNode = FALSE
	EndGlobalSection
	GlobalSection(ExtensibilityGlobals) = postSolution
		SolutionGuid = {F70CEF35-C25F-4AFA-985E-C4F3E8D17E64}
	EndGlobalSection
EndGlobal
